
Microsoft Visual Studio Solution File, Format Version 12.00
# Visual Studio 15
VisualStudioVersion = 15.0.27130.2003
MinimumVisualStudioVersion = 10.0.40219.1
Project("{FAE04EC0-301F-11D3-BF4B-00C04F79EFBC}") = "PlagiarismCore", "PlagiarismCore\PlagiarismCore.csproj", "{5F4081ED-6050-47F5-AA41-4F60EDB8EA61}"
EndProject
Project("{FAE04EC0-301F-11D3-BF4B-00C04F79EFBC}") = "Plagiarism.CoreLibrary", "Plagiarism.CoreLibrary\Plagiarism.CoreLibrary.csproj", "{A6B4458F-D8F1-4665-80B8-865B05E06292}"
EndProject
Project("{FAE04EC0-301F-11D3-BF4B-00C04F79EFBC}") = "Plagiarism.DataLayer", "Plagiarism.DataLayer\Plagiarism.DataLayer.csproj", "{6C0BA5F4-D226-4D1F-A004-6317964F8787}"
EndProject
Project("{FAE04EC0-301F-11D3-BF4B-00C04F79EFBC}") = "Plagiarism.ServiceRunner", "Plagiarism.ServiceRunner\Plagiarism.ServiceRunner.csproj", "{C352A812-97B9-4C6E-B022-66981047ED4A}"
EndProject
Global
	GlobalSection(SolutionConfigurationPlatforms) = preSolution
		Debug|Any CPU = Debug|Any CPU
		Release|Any CPU = Release|Any CPU
	EndGlobalSection
	GlobalSection(ProjectConfigurationPlatforms) = postSolution
		{5F4081ED-6050-47F5-AA41-4F60EDB8EA61}.Debug|Any CPU.ActiveCfg = Debug|Any CPU
		{5F4081ED-6050-47F5-AA41-4F60EDB8EA61}.Debug|Any CPU.Build.0 = Debug|Any CPU
		{5F4081ED-6050-47F5-AA41-4F60EDB8EA61}.Release|Any CPU.ActiveCfg = Release|Any CPU
		{5F4081ED-6050-47F5-AA41-4F60EDB8EA61}.Release|Any CPU.Build.0 = Release|Any CPU
		{A6B4458F-D8F1-4665-80B8-865B05E06292}.Debug|Any CPU.ActiveCfg = Debug|Any CPU
		{A6B4458F-D8F1-4665-80B8-865B05E06292}.Debug|Any CPU.Build.0 = Debug|Any CPU
		{A6B4458F-D8F1-4665-80B8-865B05E06292}.Release|Any CPU.ActiveCfg = Release|Any CPU
		{A6B4458F-D8F1-4665-80B8-865B05E06292}.Release|Any CPU.Build.0 = Release|Any CPU
		{6C0BA5F4-D226-4D1F-A004-6317964F8787}.Debug|Any CPU.ActiveCfg = Debug|Any CPU
		{6C0BA5F4-D226-4D1F-A004-6317964F8787}.Debug|Any CPU.Build.0 = Debug|Any CPU
		{6C0BA5F4-D226-4D1F-A004-6317964F8787}.Release|Any CPU.ActiveCfg = Release|Any CPU
		{6C0BA5F4-D226-4D1F-A004-6317964F8787}.Release|Any CPU.Build.0 = Release|Any CPU
		{C352A812-97B9-4C6E-B022-66981047ED4A}.Debug|Any CPU.ActiveCfg = Debug|Any CPU
		{C352A812-97B9-4C6E-B022-66981047ED4A}.Debug|Any CPU.Build.0 = Debug|Any CPU
		{C352A812-97B9-4C6E-B022-66981047ED4A}.Release|Any CPU.ActiveCfg = Release|Any CPU
		{C352A812-97B9-4C6E-B022-66981047ED4A}.Release|Any CPU.Build.0 = Release|Any CPU
	EndGlobalSection
	GlobalSection(SolutionProperties) = preSolution
		HideSolutionNode = FALSE
	EndGlobalSection
	GlobalSection(ExtensibilityGlobals) = postSolution
		SolutionGuid = {13924EED-2BF8-4772-816B-169E2FD79AFF}
	EndGlobalSection
EndGlobal
